
Microsoft Visual Studio Solution File, Format Version 12.00
# Visual Studio Version 16
VisualStudioVersion = 16.0.28803.352
MinimumVisualStudioVersion = 10.0.40219.1
Project("{FAE04EC0-301F-11D3-BF4B-00C04F79EFBC}") = "YascPcDcsControls", "YascPcDcsControls\YascPcDcsControls.csproj", "{00CD7EC7-7813-4A0C-9798-A0452052CD9E}"
EndProject
Project("{FAE04EC0-301F-11D3-BF4B-00C04F79EFBC}") = "YascPcDcs", "YascPcDcs\YascPcDcs.csproj", "{D5D84C04-B7F6-4814-8E9A-0FF324C3FBC9}"
EndProject
Global
	GlobalSection(SolutionConfigurationPlatforms) = preSolution
		Debug|Any CPU = Debug|Any CPU
		Release|Any CPU = Release|Any CPU
	EndGlobalSection
	GlobalSection(ProjectConfigurationPlatforms) = postSolution
		{00CD7EC7-7813-4A0C-9798-A0452052CD9E}.Debug|Any CPU.ActiveCfg = Debug|Any CPU
		{00CD7EC7-7813-4A0C-9798-A0452052CD9E}.Debug|Any CPU.Build.0 = Debug|Any CPU
		{00CD7EC7-7813-4A0C-9798-A0452052CD9E}.Release|Any CPU.ActiveCfg = Release|Any CPU
		{00CD7EC7-7813-4A0C-9798-A0452052CD9E}.Release|Any CPU.Build.0 = Release|Any CPU
		{D5D84C04-B7F6-4814-8E9A-0FF324C3FBC9}.Debug|Any CPU.ActiveCfg = Debug|Any CPU
		{D5D84C04-B7F6-4814-8E9A-0FF324C3FBC9}.Debug|Any CPU.Build.0 = Debug|Any CPU
		{D5D84C04-B7F6-4814-8E9A-0FF324C3FBC9}.Release|Any CPU.ActiveCfg = Release|Any CPU
		{D5D84C04-B7F6-4814-8E9A-0FF324C3FBC9}.Release|Any CPU.Build.0 = Release|Any CPU
	EndGlobalSection
	GlobalSection(SolutionProperties) = preSolution
		HideSolutionNode = FALSE
	EndGlobalSection
	GlobalSection(ExtensibilityGlobals) = postSolution
		SolutionGuid = {CBDE8CEA-6174-4ECE-9222-B9FF94007943}
	EndGlobalSection
EndGlobal
